
Microsoft Visual Studio Solution File, Format Version 11.00
# Visual Basic Express 2010
Project("{F184B08F-C81C-45F6-A57F-5ABD9991F28F}") = "XPSecRansomware", "XPSecRansomware\XPSecRansomware.vbproj", "{749BC28D-D78B-4864-95FE-60A6593E751D}"
EndProject
Global
	GlobalSection(SolutionConfigurationPlatforms) = preSolution
		Debug|x86 = Debug|x86
		Release|x86 = Release|x86
	EndGlobalSection
	GlobalSection(ProjectConfigurationPlatforms) = postSolution
		{749BC28D-D78B-4864-95FE-60A6593E751D}.Debug|x86.ActiveCfg = Debug|x86
		{749BC28D-D78B-4864-95FE-60A6593E751D}.Debug|x86.Build.0 = Debug|x86
		{749BC28D-D78B-4864-95FE-60A6593E751D}.Release|x86.ActiveCfg = Release|x86
		{749BC28D-D78B-4864-95FE-60A6593E751D}.Release|x86.Build.0 = Release|x86
	EndGlobalSection
	GlobalSection(SolutionProperties) = preSolution
		HideSolutionNode = FALSE
	EndGlobalSection
EndGlobal
